// !$*UTF8*$!
{
	archiveVersion = 1;
	classes = {
	};
	objectVersion = 50;
	objects = {

/* Begin PBXBuildFile section */
		37216299228C44CE001D66CD /* Api.swift in Sources */ = {isa = PBXBuildFile; fileRef = 37216298228C44CE001D66CD /* Api.swift */; };
		3721629B228C44EF001D66CD /* HTTPClient.swift in Sources */ = {isa = PBXBuildFile; fileRef = 3721629A228C44EF001D66CD /* HTTPClient.swift */; };
		3721629E228C4551001D66CD /* APIProtocol.swift in Sources */ = {isa = PBXBuildFile; fileRef = 3721629D228C4551001D66CD /* APIProtocol.swift */; };
		372162A0228C4577001D66CD /* ImageAPI.swift in Sources */ = {isa = PBXBuildFile; fileRef = 3721629F228C4577001D66CD /* ImageAPI.swift */; };
		372162A2228C4581001D66CD /* MainAPI.swift in Sources */ = {isa = PBXBuildFile; fileRef = 372162A1228C4581001D66CD /* MainAPI.swift */; };
		372162A4228C458D001D66CD /* MapAPI.swift in Sources */ = {isa = PBXBuildFile; fileRef = 372162A3228C458D001D66CD /* MapAPI.swift */; };
		372162A6228C4599001D66CD /* QuizAPI.swift in Sources */ = {isa = PBXBuildFile; fileRef = 372162A5228C4599001D66CD /* QuizAPI.swift */; };
		3769F59C227350EC00EDF795 /* AppDelegate.swift in Sources */ = {isa = PBXBuildFile; fileRef = 3769F59B227350EC00EDF795 /* AppDelegate.swift */; };
		3769F5A1227350EC00EDF795 /* Main.storyboard in Resources */ = {isa = PBXBuildFile; fileRef = 3769F59F227350EC00EDF795 /* Main.storyboard */; };
		3769F5A3227350EE00EDF795 /* Assets.xcassets in Resources */ = {isa = PBXBuildFile; fileRef = 3769F5A2227350EE00EDF795 /* Assets.xcassets */; };
		3769F5A6227350EE00EDF795 /* LaunchScreen.storyboard in Resources */ = {isa = PBXBuildFile; fileRef = 3769F5A4227350EE00EDF795 /* LaunchScreen.storyboard */; };
		6A69FF107331B1034707B203 /* Pods_History_Project_ios.framework in Frameworks */ = {isa = PBXBuildFile; fileRef = E9C1CD7FEE9DAA7826816584 /* Pods_History_Project_ios.framework */; };
		C979E969228D400C00210E25 /* StartVC.swift in Sources */ = {isa = PBXBuildFile; fileRef = C979E968228D400C00210E25 /* StartVC.swift */; };
/* End PBXBuildFile section */

/* Begin PBXFileReference section */
		226396D4552BE0BDAB3E42DC /* Pods-History-Project-ios.debug.xcconfig */ = {isa = PBXFileReference; includeInIndex = 1; lastKnownFileType = text.xcconfig; name = "Pods-History-Project-ios.debug.xcconfig"; path = "Target Support Files/Pods-History-Project-ios/Pods-History-Project-ios.debug.xcconfig"; sourceTree = "<group>"; };
		37216298228C44CE001D66CD /* Api.swift */ = {isa = PBXFileReference; lastKnownFileType = sourcecode.swift; path = Api.swift; sourceTree = "<group>"; };
		3721629A228C44EF001D66CD /* HTTPClient.swift */ = {isa = PBXFileReference; lastKnownFileType = sourcecode.swift; path = HTTPClient.swift; sourceTree = "<group>"; };
		3721629D228C4551001D66CD /* APIProtocol.swift */ = {isa = PBXFileReference; lastKnownFileType = sourcecode.swift; path = APIProtocol.swift; sourceTree = "<group>"; };
		3721629F228C4577001D66CD /* ImageAPI.swift */ = {isa = PBXFileReference; lastKnownFileType = sourcecode.swift; path = ImageAPI.swift; sourceTree = "<group>"; };
		372162A1228C4581001D66CD /* MainAPI.swift */ = {isa = PBXFileReference; lastKnownFileType = sourcecode.swift; path = MainAPI.swift; sourceTree = "<group>"; };
		372162A3228C458D001D66CD /* MapAPI.swift */ = {isa = PBXFileReference; lastKnownFileType = sourcecode.swift; path = MapAPI.swift; sourceTree = "<group>"; };
		372162A5228C4599001D66CD /* QuizAPI.swift */ = {isa = PBXFileReference; lastKnownFileType = sourcecode.swift; path = QuizAPI.swift; sourceTree = "<group>"; };
		3769F598227350EC00EDF795 /* History-Project-ios.app */ = {isa = PBXFileReference; explicitFileType = wrapper.application; includeInIndex = 0; path = "History-Project-ios.app"; sourceTree = BUILT_PRODUCTS_DIR; };
		3769F59B227350EC00EDF795 /* AppDelegate.swift */ = {isa = PBXFileReference; lastKnownFileType = sourcecode.swift; path = AppDelegate.swift; sourceTree = "<group>"; };
		3769F5A0227350EC00EDF795 /* Base */ = {isa = PBXFileReference; lastKnownFileType = file.storyboard; name = Base; path = Base.lproj/Main.storyboard; sourceTree = "<group>"; };
		3769F5A2227350EE00EDF795 /* Assets.xcassets */ = {isa = PBXFileReference; lastKnownFileType = folder.assetcatalog; path = Assets.xcassets; sourceTree = "<group>"; };
		3769F5A5227350EE00EDF795 /* Base */ = {isa = PBXFileReference; lastKnownFileType = file.storyboard; name = Base; path = Base.lproj/LaunchScreen.storyboard; sourceTree = "<group>"; };
		3769F5A7227350EE00EDF795 /* Info.plist */ = {isa = PBXFileReference; lastKnownFileType = text.plist.xml; path = Info.plist; sourceTree = "<group>"; };
		9C8DE3AE0DD31695798CAA7B /* Pods-History-Project-ios.release.xcconfig */ = {isa = PBXFileReference; includeInIndex = 1; lastKnownFileType = text.xcconfig; name = "Pods-History-Project-ios.release.xcconfig"; path = "Target Support Files/Pods-History-Project-ios/Pods-History-Project-ios.release.xcconfig"; sourceTree = "<group>"; };
		C979E968228D400C00210E25 /* StartVC.swift */ = {isa = PBXFileReference; lastKnownFileType = sourcecode.swift; path = StartVC.swift; sourceTree = "<group>"; };
		E9C1CD7FEE9DAA7826816584 /* Pods_History_Project_ios.framework */ = {isa = PBXFileReference; explicitFileType = wrapper.framework; includeInIndex = 0; path = Pods_History_Project_ios.framework; sourceTree = BUILT_PRODUCTS_DIR; };
/* End PBXFileReference section */

/* Begin PBXFrameworksBuildPhase section */
		3769F595227350EC00EDF795 /* Frameworks */ = {
			isa = PBXFrameworksBuildPhase;
			buildActionMask = 2147483647;
			files = (
				6A69FF107331B1034707B203 /* Pods_History_Project_ios.framework in Frameworks */,
			);
			runOnlyForDeploymentPostprocessing = 0;
		};
/* End PBXFrameworksBuildPhase section */

/* Begin PBXGroup section */
		37216293228C43F7001D66CD /* Model */ = {
			isa = PBXGroup;
			children = (
			);
			path = Model;
			sourceTree = "<group>";
		};
		37216294228C43FE001D66CD /* ViewModel */ = {
			isa = PBXGroup;
			children = (
			);
			path = ViewModel;
			sourceTree = "<group>";
		};
		37216296228C4417001D66CD /* Util */ = {
			isa = PBXGroup;
			children = (
			);
			path = Util;
			sourceTree = "<group>";
		};
		37216297228C44BE001D66CD /* Networking */ = {
			isa = PBXGroup;
			children = (
				3721629C228C4500001D66CD /* API */,
				37216298228C44CE001D66CD /* Api.swift */,
				3721629A228C44EF001D66CD /* HTTPClient.swift */,
			);
			path = Networking;
			sourceTree = "<group>";
		};
		3721629C228C4500001D66CD /* API */ = {
			isa = PBXGroup;
			children = (
				3721629D228C4551001D66CD /* APIProtocol.swift */,
				3721629F228C4577001D66CD /* ImageAPI.swift */,
				372162A1228C4581001D66CD /* MainAPI.swift */,
				372162A3228C458D001D66CD /* MapAPI.swift */,
				372162A5228C4599001D66CD /* QuizAPI.swift */,
			);
			path = API;
			sourceTree = "<group>";
		};
		3769F58F227350EC00EDF795 = {
			isa = PBXGroup;
			children = (
				3769F59A227350EC00EDF795 /* History-Project-ios */,
				3769F599227350EC00EDF795 /* Products */,
				68D3EF17E69CFD5161EEFE87 /* Pods */,
				A4A95A82DAE55C4FEBF00D9F /* Frameworks */,
			);
			sourceTree = "<group>";
		};
		3769F599227350EC00EDF795 /* Products */ = {
			isa = PBXGroup;
			children = (
				3769F598227350EC00EDF795 /* History-Project-ios.app */,
			);
			name = Products;
			sourceTree = "<group>";
		};
		3769F59A227350EC00EDF795 /* History-Project-ios */ = {
			isa = PBXGroup;
			children = (
				C979E967228D3FC900210E25 /* UI */,
				C979E966228D3F8900210E25 /* VC */,
				37216297228C44BE001D66CD /* Networking */,
				37216296228C4417001D66CD /* Util */,
				37216294228C43FE001D66CD /* ViewModel */,
				37216293228C43F7001D66CD /* Model */,
				3769F59B227350EC00EDF795 /* AppDelegate.swift */,
				3769F5A2227350EE00EDF795 /* Assets.xcassets */,
				3769F5A4227350EE00EDF795 /* LaunchScreen.storyboard */,
				3769F5A7227350EE00EDF795 /* Info.plist */,
			);
			path = "History-Project-ios";
			sourceTree = "<group>";
		};
		68D3EF17E69CFD5161EEFE87 /* Pods */ = {
			isa = PBXGroup;
			children = (
				226396D4552BE0BDAB3E42DC /* Pods-History-Project-ios.debug.xcconfig */,
				9C8DE3AE0DD31695798CAA7B /* Pods-History-Project-ios.release.xcconfig */,
			);
			path = Pods;
			sourceTree = "<group>";
		};
		A4A95A82DAE55C4FEBF00D9F /* Frameworks */ = {
			isa = PBXGroup;
			children = (
				E9C1CD7FEE9DAA7826816584 /* Pods_History_Project_ios.framework */,
			);
			name = Frameworks;
			sourceTree = "<group>";
		};
		C979E966228D3F8900210E25 /* VC */ = {
			isa = PBXGroup;
			children = (
				C979E968228D400C00210E25 /* StartVC.swift */,
			);
			path = VC;
			sourceTree = "<group>";
		};
		C979E967228D3FC900210E25 /* UI */ = {
			isa = PBXGroup;
			children = (
				3769F59F227350EC00EDF795 /* Main.storyboard */,
			);
			path = UI;
			sourceTree = "<group>";
		};
/* End PBXGroup section */

/* Begin PBXNativeTarget section */
		3769F597227350EC00EDF795 /* History-Project-ios */ = {
			isa = PBXNativeTarget;
			buildConfigurationList = 3769F5AA227350EE00EDF795 /* Build configuration list for PBXNativeTarget "History-Project-ios" */;
			buildPhases = (
				A04C22930CB40B8AFFAA95B2 /* [CP] Check Pods Manifest.lock */,
				3769F594227350EC00EDF795 /* Sources */,
				3769F595227350EC00EDF795 /* Frameworks */,
				3769F596227350EC00EDF795 /* Resources */,
				EDE96ED456DF5224052F5592 /* [CP] Embed Pods Frameworks */,
			);
			buildRules = (
			);
			dependencies = (
			);
			name = "History-Project-ios";
			productName = "History-Project-ios";
			productReference = 3769F598227350EC00EDF795 /* History-Project-ios.app */;
			productType = "com.apple.product-type.application";
		};
/* End PBXNativeTarget section */

/* Begin PBXProject section */
		3769F590227350EC00EDF795 /* Project object */ = {
			isa = PBXProject;
			attributes = {
				LastSwiftUpdateCheck = 1020;
				LastUpgradeCheck = 1020;
				ORGANIZATIONNAME = baby1234;
				TargetAttributes = {
					3769F597227350EC00EDF795 = {
						CreatedOnToolsVersion = 10.2.1;
					};
				};
			};
			buildConfigurationList = 3769F593227350EC00EDF795 /* Build configuration list for PBXProject "History-Project-ios" */;
			compatibilityVersion = "Xcode 9.3";
			developmentRegion = en;
			hasScannedForEncodings = 0;
			knownRegions = (
				en,
				Base,
			);
			mainGroup = 3769F58F227350EC00EDF795;
			productRefGroup = 3769F599227350EC00EDF795 /* Products */;
			projectDirPath = "";
			projectRoot = "";
			targets = (
				3769F597227350EC00EDF795 /* History-Project-ios */,
			);
		};
/* End PBXProject section */

/* Begin PBXResourcesBuildPhase section */
		3769F596227350EC00EDF795 /* Resources */ = {
			isa = PBXResourcesBuildPhase;
			buildActionMask = 2147483647;
			files = (
				3769F5A6227350EE00EDF795 /* LaunchScreen.storyboard in Resources */,
				3769F5A3227350EE00EDF795 /* Assets.xcassets in Resources */,
				3769F5A1227350EC00EDF795 /* Main.storyboard in Resources */,
			);
			runOnlyForDeploymentPostprocessing = 0;
		};
/* End PBXResourcesBuildPhase section */

/* Begin PBXShellScriptBuildPhase section */
		A04C22930CB40B8AFFAA95B2 /* [CP] Check Pods Manifest.lock */ = {
			isa = PBXShellScriptBuildPhase;
			buildActionMask = 2147483647;
			files = (
			);
			inputFileListPaths = (
			);
			inputPaths = (
				"${PODS_PODFILE_DIR_PATH}/Podfile.lock",
				"${PODS_ROOT}/Manifest.lock",
			);
			name = "[CP] Check Pods Manifest.lock";
			outputFileListPaths = (
			);
			outputPaths = (
				"$(DERIVED_FILE_DIR)/Pods-History-Project-ios-checkManifestLockResult.txt",
			);
			runOnlyForDeploymentPostprocessing = 0;
			shellPath = /bin/sh;
			shellScript = "diff \"${PODS_PODFILE_DIR_PATH}/Podfile.lock\" \"${PODS_ROOT}/Manifest.lock\" > /dev/null\nif [ $? != 0 ] ; then\n    # print error to STDERR\n    echo \"error: The sandbox is not in sync with the Podfile.lock. Run 'pod install' or update your CocoaPods installation.\" >&2\n    exit 1\nfi\n# This output is used by Xcode 'outputs' to avoid re-running this script phase.\necho \"SUCCESS\" > \"${SCRIPT_OUTPUT_FILE_0}\"\n";
			showEnvVarsInLog = 0;
		};
		EDE96ED456DF5224052F5592 /* [CP] Embed Pods Frameworks */ = {
			isa = PBXShellScriptBuildPhase;
			buildActionMask = 2147483647;
			files = (
			);
			inputFileListPaths = (
			);
			inputPaths = (
				"${PODS_ROOT}/Target Support Files/Pods-History-Project-ios/Pods-History-Project-ios-frameworks.sh",
				"${BUILT_PRODUCTS_DIR}/Alamofire/Alamofire.framework",
				"${BUILT_PRODUCTS_DIR}/Kingfisher/Kingfisher.framework",
				"${BUILT_PRODUCTS_DIR}/Navigation-Toolbar/Navigation_Toolbar.framework",
				"${BUILT_PRODUCTS_DIR}/ObjectMapper/ObjectMapper.framework",
				"${BUILT_PRODUCTS_DIR}/RxAlamofire/RxAlamofire.framework",
				"${BUILT_PRODUCTS_DIR}/RxSwift/RxSwift.framework",
			);
			name = "[CP] Embed Pods Frameworks";
			outputFileListPaths = (
			);
			outputPaths = (
				"${TARGET_BUILD_DIR}/${FRAMEWORKS_FOLDER_PATH}/Alamofire.framework",
				"${TARGET_BUILD_DIR}/${FRAMEWORKS_FOLDER_PATH}/Kingfisher.framework",
				"${TARGET_BUILD_DIR}/${FRAMEWORKS_FOLDER_PATH}/Navigation_Toolbar.framework",
				"${TARGET_BUILD_DIR}/${FRAMEWORKS_FOLDER_PATH}/ObjectMapper.framework",
				"${TARGET_BUILD_DIR}/${FRAMEWORKS_FOLDER_PATH}/RxAlamofire.framework",
				"${TARGET_BUILD_DIR}/${FRAMEWORKS_FOLDER_PATH}/RxSwift.framework",
			);
			runOnlyForDeploymentPostprocessing = 0;
			shellPath = /bin/sh;
			shellScript = "\"${PODS_ROOT}/Target Support Files/Pods-History-Project-ios/Pods-History-Project-ios-frameworks.sh\"\n";
			showEnvVarsInLog = 0;
		};
/* End PBXShellScriptBuildPhase section */

/* Begin PBXSourcesBuildPhase section */
		3769F594227350EC00EDF795 /* Sources */ = {
			isa = PBXSourcesBuildPhase;
			buildActionMask = 2147483647;
			files = (
				372162A6228C4599001D66CD /* QuizAPI.swift in Sources */,
				37216299228C44CE001D66CD /* Api.swift in Sources */,
				3721629B228C44EF001D66CD /* HTTPClient.swift in Sources */,
				3721629E228C4551001D66CD /* APIProtocol.swift in Sources */,
				372162A2228C4581001D66CD /* MainAPI.swift in Sources */,
				372162A0228C4577001D66CD /* ImageAPI.swift in Sources */,
				3769F59C227350EC00EDF795 /* AppDelegate.swift in Sources */,
				372162A4228C458D001D66CD /* MapAPI.swift in Sources */,
				C979E969228D400C00210E25 /* StartVC.swift in Sources */,
			);
			runOnlyForDeploymentPostprocessing = 0;
		};
/* End PBXSourcesBuildPhase section */

/* Begin PBXVariantGroup section */
		3769F59F227350EC00EDF795 /* Main.storyboard */ = {
			isa = PBXVariantGroup;
			children = (
				3769F5A0227350EC00EDF795 /* Base */,
			);
			name = Main.storyboard;
			sourceTree = "<group>";
		};
		3769F5A4227350EE00EDF795 /* LaunchScreen.storyboard */ = {
			isa = PBXVariantGroup;
			children = (
				3769F5A5227350EE00EDF795 /* Base */,
			);
			name = LaunchScreen.storyboard;
			sourceTree = "<group>";
		};
/* End PBXVariantGroup section */

/* Begin XCBuildConfiguration section */
		3769F5A8227350EE00EDF795 /* Debug */ = {
			isa = XCBuildConfiguration;
			buildSettings = {
				ALWAYS_SEARCH_USER_PATHS = NO;
				CLANG_ANALYZER_NONNULL = YES;
				CLANG_ANALYZER_NUMBER_OBJECT_CONVERSION = YES_AGGRESSIVE;
				CLANG_CXX_LANGUAGE_STANDARD = "gnu++14";
				CLANG_CXX_LIBRARY = "libc++";
				CLANG_ENABLE_MODULES = YES;
				CLANG_ENABLE_OBJC_ARC = YES;
				CLANG_ENABLE_OBJC_WEAK = YES;
				CLANG_WARN_BLOCK_CAPTURE_AUTORELEASING = YES;
				CLANG_WARN_BOOL_CONVERSION = YES;
				CLANG_WARN_COMMA = YES;
				CLANG_WARN_CONSTANT_CONVERSION = YES;
				CLANG_WARN_DEPRECATED_OBJC_IMPLEMENTATIONS = YES;
				CLANG_WARN_DIRECT_OBJC_ISA_USAGE = YES_ERROR;
				CLANG_WARN_DOCUMENTATION_COMMENTS = YES;
				CLANG_WARN_EMPTY_BODY = YES;
				CLANG_WARN_ENUM_CONVERSION = YES;
				CLANG_WARN_INFINITE_RECURSION = YES;
				CLANG_WARN_INT_CONVERSION = YES;
				CLANG_WARN_NON_LITERAL_NULL_CONVERSION = YES;
				CLANG_WARN_OBJC_IMPLICIT_RETAIN_SELF = YES;
				CLANG_WARN_OBJC_LITERAL_CONVERSION = YES;
				CLANG_WARN_OBJC_ROOT_CLASS = YES_ERROR;
				CLANG_WARN_RANGE_LOOP_ANALYSIS = YES;
				CLANG_WARN_STRICT_PROTOTYPES = YES;
				CLANG_WARN_SUSPICIOUS_MOVE = YES;
				CLANG_WARN_UNGUARDED_AVAILABILITY = YES_AGGRESSIVE;
				CLANG_WARN_UNREACHABLE_CODE = YES;
				CLANG_WARN__DUPLICATE_METHOD_MATCH = YES;
				CODE_SIGN_IDENTITY = "iPhone Developer";
				COPY_PHASE_STRIP = NO;
				DEBUG_INFORMATION_FORMAT = dwarf;
				ENABLE_STRICT_OBJC_MSGSEND = YES;
				ENABLE_TESTABILITY = YES;
				GCC_C_LANGUAGE_STANDARD = gnu11;
				GCC_DYNAMIC_NO_PIC = NO;
				GCC_NO_COMMON_BLOCKS = YES;
				GCC_OPTIMIZATION_LEVEL = 0;
				GCC_PREPROCESSOR_DEFINITIONS = (
					"DEBUG=1",
					"$(inherited)",
				);
				GCC_WARN_64_TO_32_BIT_CONVERSION = YES;
				GCC_WARN_ABOUT_RETURN_TYPE = YES_ERROR;
				GCC_WARN_UNDECLARED_SELECTOR = YES;
				GCC_WARN_UNINITIALIZED_AUTOS = YES_AGGRESSIVE;
				GCC_WARN_UNUSED_FUNCTION = YES;
				GCC_WARN_UNUSED_VARIABLE = YES;
				IPHONEOS_DEPLOYMENT_TARGET = 12.2;
				MTL_ENABLE_DEBUG_INFO = INCLUDE_SOURCE;
				MTL_FAST_MATH = YES;
				ONLY_ACTIVE_ARCH = YES;
				SDKROOT = iphoneos;
				SWIFT_ACTIVE_COMPILATION_CONDITIONS = DEBUG;
				SWIFT_OPTIMIZATION_LEVEL = "-Onone";
			};
			name = Debug;
		};
		3769F5A9227350EE00EDF795 /* Release */ = {
			isa = XCBuildConfiguration;
			buildSettings = {
				ALWAYS_SEARCH_USER_PATHS = NO;
				CLANG_ANALYZER_NONNULL = YES;
				CLANG_ANALYZER_NUMBER_OBJECT_CONVERSION = YES_AGGRESSIVE;
				CLANG_CXX_LANGUAGE_STANDARD = "gnu++14";
				CLANG_CXX_LIBRARY = "libc++";
				CLANG_ENABLE_MODULES = YES;
				CLANG_ENABLE_OBJC_ARC = YES;
				CLANG_ENABLE_OBJC_WEAK = YES;
				CLANG_WARN_BLOCK_CAPTURE_AUTORELEASING = YES;
				CLANG_WARN_BOOL_CONVERSION = YES;
				CLANG_WARN_COMMA = YES;
				CLANG_WARN_CONSTANT_CONVERSION = YES;
				CLANG_WARN_DEPRECATED_OBJC_IMPLEMENTATIONS = YES;
				CLANG_WARN_DIRECT_OBJC_ISA_USAGE = YES_ERROR;
				CLANG_WARN_DOCUMENTATION_COMMENTS = YES;
				CLANG_WARN_EMPTY_BODY = YES;
				CLANG_WARN_ENUM_CONVERSION = YES;
				CLANG_WARN_INFINITE_RECURSION = YES;
				CLANG_WARN_INT_CONVERSION = YES;
				CLANG_WARN_NON_LITERAL_NULL_CONVERSION = YES;
				CLANG_WARN_OBJC_IMPLICIT_RETAIN_SELF = YES;
				CLANG_WARN_OBJC_LITERAL_CONVERSION = YES;
				CLANG_WARN_OBJC_ROOT_CLASS = YES_ERROR;
				CLANG_WARN_RANGE_LOOP_ANALYSIS = YES;
				CLANG_WARN_STRICT_PROTOTYPES = YES;
				CLANG_WARN_SUSPICIOUS_MOVE = YES;
				CLANG_WARN_UNGUARDED_AVAILABILITY = YES_AGGRESSIVE;
				CLANG_WARN_UNREACHABLE_CODE = YES;
				CLANG_WARN__DUPLICATE_METHOD_MATCH = YES;
				CODE_SIGN_IDENTITY = "iPhone Developer";
				COPY_PHASE_STRIP = NO;
				DEBUG_INFORMATION_FORMAT = "dwarf-with-dsym";
				ENABLE_NS_ASSERTIONS = NO;
				ENABLE_STRICT_OBJC_MSGSEND = YES;
				GCC_C_LANGUAGE_STANDARD = gnu11;
				GCC_NO_COMMON_BLOCKS = YES;
				GCC_WARN_64_TO_32_BIT_CONVERSION = YES;
				GCC_WARN_ABOUT_RETURN_TYPE = YES_ERROR;
				GCC_WARN_UNDECLARED_SELECTOR = YES;
				GCC_WARN_UNINITIALIZED_AUTOS = YES_AGGRESSIVE;
				GCC_WARN_UNUSED_FUNCTION = YES;
				GCC_WARN_UNUSED_VARIABLE = YES;
				IPHONEOS_DEPLOYMENT_TARGET = 12.2;
				MTL_ENABLE_DEBUG_INFO = NO;
				MTL_FAST_MATH = YES;
				SDKROOT = iphoneos;
				SWIFT_COMPILATION_MODE = wholemodule;
				SWIFT_OPTIMIZATION_LEVEL = "-O";
				VALIDATE_PRODUCT = YES;
			};
			name = Release;
		};
		3769F5AB227350EE00EDF795 /* Debug */ = {
			isa = XCBuildConfiguration;
			baseConfigurationReference = 226396D4552BE0BDAB3E42DC /* Pods-History-Project-ios.debug.xcconfig */;
			buildSettings = {
				ASSETCATALOG_COMPILER_APPICON_NAME = AppIcon;
				CODE_SIGN_STYLE = Automatic;
				DEVELOPMENT_TEAM = "";
				INFOPLIST_FILE = "History-Project-ios/Info.plist";
				LD_RUNPATH_SEARCH_PATHS = (
					"$(inherited)",
					"@executable_path/Frameworks",
				);
				PRODUCT_BUNDLE_IDENTIFIER = "net.macnpc.History-Project-ios";
				PRODUCT_NAME = "$(TARGET_NAME)";
				SWIFT_VERSION = 5.0;
				TARGETED_DEVICE_FAMILY = "1,2";
			};
			name = Debug;
		};
		3769F5AC227350EE00EDF795 /* Release */ = {
			isa = XCBuildConfiguration;
			baseConfigurationReference = 9C8DE3AE0DD31695798CAA7B /* Pods-History-Project-ios.release.xcconfig */;
			buildSettings = {
				ASSETCATALOG_COMPILER_APPICON_NAME = AppIcon;
				CODE_SIGN_STYLE = Automatic;
				DEVELOPMENT_TEAM = "";
				INFOPLIST_FILE = "History-Project-ios/Info.plist";
				LD_RUNPATH_SEARCH_PATHS = (
					"$(inherited)",
					"@executable_path/Frameworks",
				);
				PRODUCT_BUNDLE_IDENTIFIER = "net.macnpc.History-Project-ios";
				PRODUCT_NAME = "$(TARGET_NAME)";
				SWIFT_VERSION = 5.0;
				TARGETED_DEVICE_FAMILY = "1,2";
			};
			name = Release;
		};
/* End XCBuildConfiguration section */

/* Begin XCConfigurationList section */
		3769F593227350EC00EDF795 /* Build configuration list for PBXProject "History-Project-ios" */ = {
			isa = XCConfigurationList;
			buildConfigurations = (
				3769F5A8227350EE00EDF795 /* Debug */,
				3769F5A9227350EE00EDF795 /* Release */,
			);
			defaultConfigurationIsVisible = 0;
			defaultConfigurationName = Release;
		};
		3769F5AA227350EE00EDF795 /* Build configuration list for PBXNativeTarget "History-Project-ios" */ = {
			isa = XCConfigurationList;
			buildConfigurations = (
				3769F5AB227350EE00EDF795 /* Debug */,
				3769F5AC227350EE00EDF795 /* Release */,
			);
			defaultConfigurationIsVisible = 0;
			defaultConfigurationName = Release;
		};
/* End XCConfigurationList section */
	};
	rootObject = 3769F590227350EC00EDF795 /* Project object */;
}
