// !$*UTF8*$!
{
	archiveVersion = 1;
	classes = {
	};
	objectVersion = 51;
	objects = {

/* Begin PBXBuildFile section */
		37216299228C44CE001D66CD /* Api.swift in Sources */ = {isa = PBXBuildFile; fileRef = 37216298228C44CE001D66CD /* Api.swift */; };
		3721629B228C44EF001D66CD /* HTTPClient.swift in Sources */ = {isa = PBXBuildFile; fileRef = 3721629A228C44EF001D66CD /* HTTPClient.swift */; };
		3721629E228C4551001D66CD /* APIProtocol.swift in Sources */ = {isa = PBXBuildFile; fileRef = 3721629D228C4551001D66CD /* APIProtocol.swift */; };
		372162A0228C4577001D66CD /* ImageAPI.swift in Sources */ = {isa = PBXBuildFile; fileRef = 3721629F228C4577001D66CD /* ImageAPI.swift */; };
		372162A2228C4581001D66CD /* MainAPI.swift in Sources */ = {isa = PBXBuildFile; fileRef = 372162A1228C4581001D66CD /* MainAPI.swift */; };
		372162A4228C458D001D66CD /* MapAPI.swift in Sources */ = {isa = PBXBuildFile; fileRef = 372162A3228C458D001D66CD /* MapAPI.swift */; };
		372162A6228C4599001D66CD /* QuizAPI.swift in Sources */ = {isa = PBXBuildFile; fileRef = 372162A5228C4599001D66CD /* QuizAPI.swift */; };
		372162A9229ACEF9001D66CD /* InfoViewModel.swift in Sources */ = {isa = PBXBuildFile; fileRef = 372162A8229ACEF9001D66CD /* InfoViewModel.swift */; };
		372162AB229ACF56001D66CD /* InfoVC.swift in Sources */ = {isa = PBXBuildFile; fileRef = 372162AA229ACF56001D66CD /* InfoVC.swift */; };
		372162B2229D8249001D66CD /* Base.swift in Sources */ = {isa = PBXBuildFile; fileRef = 372162B1229D8249001D66CD /* Base.swift */; };
		37426C4422A401BF0031AB01 /* InfoModel.swift in Sources */ = {isa = PBXBuildFile; fileRef = 37426C4322A401BF0031AB01 /* InfoModel.swift */; };
		37426C4E22A544690031AB01 /* backToList.png in Resources */ = {isa = PBXBuildFile; fileRef = 37426C4B22A544680031AB01 /* backToList.png */; };
		37426C4F22A544690031AB01 /* next.png in Resources */ = {isa = PBXBuildFile; fileRef = 37426C4C22A544680031AB01 /* next.png */; };
		37426C5022A544690031AB01 /* home.png in Resources */ = {isa = PBXBuildFile; fileRef = 37426C4D22A544690031AB01 /* home.png */; };
		37426C5222A5F3460031AB01 /* MapVC.swift in Sources */ = {isa = PBXBuildFile; fileRef = 37426C5122A5F3460031AB01 /* MapVC.swift */; };
		37426C9A22AA96000031AB01 /* back.png in Resources */ = {isa = PBXBuildFile; fileRef = 37426C9922AA96000031AB01 /* back.png */; };
		37426C9C22AA9EE40031AB01 /* MapModel.swift in Sources */ = {isa = PBXBuildFile; fileRef = 37426C9B22AA9EE40031AB01 /* MapModel.swift */; };
		37426C9E22AB98A70031AB01 /* MapViewModel.swift in Sources */ = {isa = PBXBuildFile; fileRef = 37426C9D22AB98A70031AB01 /* MapViewModel.swift */; };
		37426CA422AD41720031AB01 /* edit.png in Resources */ = {isa = PBXBuildFile; fileRef = 37426CA322AD41720031AB01 /* edit.png */; };
		37426CA622AD42170031AB01 /* QuizVC.swift in Sources */ = {isa = PBXBuildFile; fileRef = 37426CA522AD42170031AB01 /* QuizVC.swift */; };
		3769F59C227350EC00EDF795 /* AppDelegate.swift in Sources */ = {isa = PBXBuildFile; fileRef = 3769F59B227350EC00EDF795 /* AppDelegate.swift */; };
		3769F5A1227350EC00EDF795 /* Main.storyboard in Resources */ = {isa = PBXBuildFile; fileRef = 3769F59F227350EC00EDF795 /* Main.storyboard */; };
		3769F5A3227350EE00EDF795 /* Assets.xcassets in Resources */ = {isa = PBXBuildFile; fileRef = 3769F5A2227350EE00EDF795 /* Assets.xcassets */; };
		3769F5A6227350EE00EDF795 /* LaunchScreen.storyboard in Resources */ = {isa = PBXBuildFile; fileRef = 3769F5A4227350EE00EDF795 /* LaunchScreen.storyboard */; };
		6A69FF107331B1034707B203 /* Pods_History_Project_ios.framework in Frameworks */ = {isa = PBXBuildFile; fileRef = E9C1CD7FEE9DAA7826816584 /* Pods_History_Project_ios.framework */; };
		C90C5AB1229E59DB003EB3C9 /* HistoricalSiteListVC.swift in Sources */ = {isa = PBXBuildFile; fileRef = C90C5AB0229E59DB003EB3C9 /* HistoricalSiteListVC.swift */; };
		C90C5AB3229E5A52003EB3C9 /* HistoricalSiteListViewModel.swift in Sources */ = {isa = PBXBuildFile; fileRef = C90C5AB2229E5A52003EB3C9 /* HistoricalSiteListViewModel.swift */; };
		C90C5AB6229E5BD1003EB3C9 /* HistoricalSiteListModel.swift in Sources */ = {isa = PBXBuildFile; fileRef = C90C5AB5229E5BD1003EB3C9 /* HistoricalSiteListModel.swift */; };
		C94698E822AFE80100944040 /* QuizMultipleVC.swift in Sources */ = {isa = PBXBuildFile; fileRef = C94698E722AFE80100944040 /* QuizMultipleVC.swift */; };
		C94698EA22AFE80F00944040 /* QuizOXVC.swift in Sources */ = {isa = PBXBuildFile; fileRef = C94698E922AFE80F00944040 /* QuizOXVC.swift */; };
		C94698EC22AFE8DB00944040 /* QuizModel.swift in Sources */ = {isa = PBXBuildFile; fileRef = C94698EB22AFE8DB00944040 /* QuizModel.swift */; };
		C94698EE22AFEF7900944040 /* QuizMultipleViewModel.swift in Sources */ = {isa = PBXBuildFile; fileRef = C94698ED22AFEF7900944040 /* QuizMultipleViewModel.swift */; };
		C94698F022AFEF8300944040 /* QuizViewModel.swift in Sources */ = {isa = PBXBuildFile; fileRef = C94698EF22AFEF8300944040 /* QuizViewModel.swift */; };
		C94698F222AFEF8F00944040 /* QuizOXViewModel.swift in Sources */ = {isa = PBXBuildFile; fileRef = C94698F122AFEF8F00944040 /* QuizOXViewModel.swift */; };
		C979E969228D400C00210E25 /* StartVC.swift in Sources */ = {isa = PBXBuildFile; fileRef = C979E968228D400C00210E25 /* StartVC.swift */; };
		C990617E2296AA5300FBAB64 /* startBackgroundImage.png in Resources */ = {isa = PBXBuildFile; fileRef = C990617D2296AA5300FBAB64 /* startBackgroundImage.png */; };
		C99061812296B92000FBAB64 /* Shape.swift in Sources */ = {isa = PBXBuildFile; fileRef = C99061802296B92000FBAB64 /* Shape.swift */; };
		C99061842296BA9200FBAB64 /* StartViewModel.swift in Sources */ = {isa = PBXBuildFile; fileRef = C99061832296BA9200FBAB64 /* StartViewModel.swift */; };
		C9FAC4222296D7FF000FCE88 /* ViewModelType.swift in Sources */ = {isa = PBXBuildFile; fileRef = C9FAC4212296D7FF000FCE88 /* ViewModelType.swift */; };
/* End PBXBuildFile section */

/* Begin PBXFileReference section */
		226396D4552BE0BDAB3E42DC /* Pods-History-Project-ios.debug.xcconfig */ = {isa = PBXFileReference; includeInIndex = 1; lastKnownFileType = text.xcconfig; name = "Pods-History-Project-ios.debug.xcconfig"; path = "Target Support Files/Pods-History-Project-ios/Pods-History-Project-ios.debug.xcconfig"; sourceTree = "<group>"; };
		37216298228C44CE001D66CD /* Api.swift */ = {isa = PBXFileReference; lastKnownFileType = sourcecode.swift; path = Api.swift; sourceTree = "<group>"; };
		3721629A228C44EF001D66CD /* HTTPClient.swift */ = {isa = PBXFileReference; lastKnownFileType = sourcecode.swift; path = HTTPClient.swift; sourceTree = "<group>"; };
		3721629D228C4551001D66CD /* APIProtocol.swift */ = {isa = PBXFileReference; lastKnownFileType = sourcecode.swift; path = APIProtocol.swift; sourceTree = "<group>"; };
		3721629F228C4577001D66CD /* ImageAPI.swift */ = {isa = PBXFileReference; lastKnownFileType = sourcecode.swift; path = ImageAPI.swift; sourceTree = "<group>"; };
		372162A1228C4581001D66CD /* MainAPI.swift */ = {isa = PBXFileReference; lastKnownFileType = sourcecode.swift; path = MainAPI.swift; sourceTree = "<group>"; };
		372162A3228C458D001D66CD /* MapAPI.swift */ = {isa = PBXFileReference; lastKnownFileType = sourcecode.swift; path = MapAPI.swift; sourceTree = "<group>"; };
		372162A5228C4599001D66CD /* QuizAPI.swift */ = {isa = PBXFileReference; lastKnownFileType = sourcecode.swift; path = QuizAPI.swift; sourceTree = "<group>"; };
		372162A8229ACEF9001D66CD /* InfoViewModel.swift */ = {isa = PBXFileReference; lastKnownFileType = sourcecode.swift; path = InfoViewModel.swift; sourceTree = "<group>"; };
		372162AA229ACF56001D66CD /* InfoVC.swift */ = {isa = PBXFileReference; lastKnownFileType = sourcecode.swift; path = InfoVC.swift; sourceTree = "<group>"; };
		372162AD229ADC42001D66CD /* InfoModel.swift */ = {isa = PBXFileReference; lastKnownFileType = sourcecode.swift; path = InfoModel.swift; sourceTree = "<group>"; };
		372162B1229D8249001D66CD /* Base.swift */ = {isa = PBXFileReference; lastKnownFileType = sourcecode.swift; path = Base.swift; sourceTree = "<group>"; };
		37426C4322A401BF0031AB01 /* InfoModel.swift */ = {isa = PBXFileReference; fileEncoding = 4; lastKnownFileType = sourcecode.swift; path = InfoModel.swift; sourceTree = "<group>"; };
		37426C4B22A544680031AB01 /* backToList.png */ = {isa = PBXFileReference; lastKnownFileType = image.png; path = backToList.png; sourceTree = "<group>"; };
		37426C4C22A544680031AB01 /* next.png */ = {isa = PBXFileReference; lastKnownFileType = image.png; path = next.png; sourceTree = "<group>"; };
		37426C4D22A544690031AB01 /* home.png */ = {isa = PBXFileReference; lastKnownFileType = image.png; path = home.png; sourceTree = "<group>"; };
		37426C5122A5F3460031AB01 /* MapVC.swift */ = {isa = PBXFileReference; lastKnownFileType = sourcecode.swift; path = MapVC.swift; sourceTree = "<group>"; };
		37426C9922AA96000031AB01 /* back.png */ = {isa = PBXFileReference; lastKnownFileType = image.png; path = back.png; sourceTree = "<group>"; };
		37426C9B22AA9EE40031AB01 /* MapModel.swift */ = {isa = PBXFileReference; lastKnownFileType = sourcecode.swift; path = MapModel.swift; sourceTree = "<group>"; };
		37426C9D22AB98A70031AB01 /* MapViewModel.swift */ = {isa = PBXFileReference; lastKnownFileType = sourcecode.swift; path = MapViewModel.swift; sourceTree = "<group>"; };
		37426CA322AD41720031AB01 /* edit.png */ = {isa = PBXFileReference; lastKnownFileType = image.png; path = edit.png; sourceTree = "<group>"; };
		37426CA522AD42170031AB01 /* QuizVC.swift */ = {isa = PBXFileReference; lastKnownFileType = sourcecode.swift; path = QuizVC.swift; sourceTree = "<group>"; };
		3769F598227350EC00EDF795 /* History-Project-ios.app */ = {isa = PBXFileReference; explicitFileType = wrapper.application; includeInIndex = 0; path = "History-Project-ios.app"; sourceTree = BUILT_PRODUCTS_DIR; };
		3769F59B227350EC00EDF795 /* AppDelegate.swift */ = {isa = PBXFileReference; lastKnownFileType = sourcecode.swift; path = AppDelegate.swift; sourceTree = "<group>"; };
		3769F5A0227350EC00EDF795 /* Base */ = {isa = PBXFileReference; lastKnownFileType = file.storyboard; name = Base; path = Base.lproj/Main.storyboard; sourceTree = "<group>"; };
		3769F5A2227350EE00EDF795 /* Assets.xcassets */ = {isa = PBXFileReference; lastKnownFileType = folder.assetcatalog; path = Assets.xcassets; sourceTree = "<group>"; };
		3769F5A5227350EE00EDF795 /* Base */ = {isa = PBXFileReference; lastKnownFileType = file.storyboard; name = Base; path = Base.lproj/LaunchScreen.storyboard; sourceTree = "<group>"; };
		3769F5A7227350EE00EDF795 /* Info.plist */ = {isa = PBXFileReference; lastKnownFileType = text.plist.xml; path = Info.plist; sourceTree = "<group>"; };
		9C8DE3AE0DD31695798CAA7B /* Pods-History-Project-ios.release.xcconfig */ = {isa = PBXFileReference; includeInIndex = 1; lastKnownFileType = text.xcconfig; name = "Pods-History-Project-ios.release.xcconfig"; path = "Target Support Files/Pods-History-Project-ios/Pods-History-Project-ios.release.xcconfig"; sourceTree = "<group>"; };
		C90C5AB0229E59DB003EB3C9 /* HistoricalSiteListVC.swift */ = {isa = PBXFileReference; lastKnownFileType = sourcecode.swift; path = HistoricalSiteListVC.swift; sourceTree = "<group>"; };
		C90C5AB2229E5A52003EB3C9 /* HistoricalSiteListViewModel.swift */ = {isa = PBXFileReference; lastKnownFileType = sourcecode.swift; path = HistoricalSiteListViewModel.swift; sourceTree = "<group>"; };
		C90C5AB5229E5BD1003EB3C9 /* HistoricalSiteListModel.swift */ = {isa = PBXFileReference; lastKnownFileType = sourcecode.swift; path = HistoricalSiteListModel.swift; sourceTree = "<group>"; };
		C94698E722AFE80100944040 /* QuizMultipleVC.swift */ = {isa = PBXFileReference; lastKnownFileType = sourcecode.swift; path = QuizMultipleVC.swift; sourceTree = "<group>"; };
		C94698E922AFE80F00944040 /* QuizOXVC.swift */ = {isa = PBXFileReference; lastKnownFileType = sourcecode.swift; path = QuizOXVC.swift; sourceTree = "<group>"; };
		C94698EB22AFE8DB00944040 /* QuizModel.swift */ = {isa = PBXFileReference; lastKnownFileType = sourcecode.swift; path = QuizModel.swift; sourceTree = "<group>"; };
		C94698ED22AFEF7900944040 /* QuizMultipleViewModel.swift */ = {isa = PBXFileReference; lastKnownFileType = sourcecode.swift; path = QuizMultipleViewModel.swift; sourceTree = "<group>"; };
		C94698EF22AFEF8300944040 /* QuizViewModel.swift */ = {isa = PBXFileReference; lastKnownFileType = sourcecode.swift; path = QuizViewModel.swift; sourceTree = "<group>"; };
		C94698F122AFEF8F00944040 /* QuizOXViewModel.swift */ = {isa = PBXFileReference; lastKnownFileType = sourcecode.swift; path = QuizOXViewModel.swift; sourceTree = "<group>"; };
		C979E968228D400C00210E25 /* StartVC.swift */ = {isa = PBXFileReference; lastKnownFileType = sourcecode.swift; path = StartVC.swift; sourceTree = "<group>"; };
		C990617D2296AA5300FBAB64 /* startBackgroundImage.png */ = {isa = PBXFileReference; lastKnownFileType = image.png; path = startBackgroundImage.png; sourceTree = "<group>"; };
		C99061802296B92000FBAB64 /* Shape.swift */ = {isa = PBXFileReference; lastKnownFileType = sourcecode.swift; path = Shape.swift; sourceTree = "<group>"; };
		C99061832296BA9200FBAB64 /* StartViewModel.swift */ = {isa = PBXFileReference; lastKnownFileType = sourcecode.swift; path = StartViewModel.swift; sourceTree = "<group>"; };
		C9FAC4212296D7FF000FCE88 /* ViewModelType.swift */ = {isa = PBXFileReference; lastKnownFileType = sourcecode.swift; path = ViewModelType.swift; sourceTree = "<group>"; };
		E9C1CD7FEE9DAA7826816584 /* Pods_History_Project_ios.framework */ = {isa = PBXFileReference; explicitFileType = wrapper.framework; includeInIndex = 0; path = Pods_History_Project_ios.framework; sourceTree = BUILT_PRODUCTS_DIR; };
/* End PBXFileReference section */

/* Begin PBXFrameworksBuildPhase section */
		3769F595227350EC00EDF795 /* Frameworks */ = {
			isa = PBXFrameworksBuildPhase;
			buildActionMask = 2147483647;
			files = (
				6A69FF107331B1034707B203 /* Pods_History_Project_ios.framework in Frameworks */,
			);
			runOnlyForDeploymentPostprocessing = 0;
		};
/* End PBXFrameworksBuildPhase section */

/* Begin PBXGroup section */
		37216297228C44BE001D66CD /* Networking */ = {
			isa = PBXGroup;
			children = (
				3721629C228C4500001D66CD /* API */,
				37216298228C44CE001D66CD /* Api.swift */,
				3721629A228C44EF001D66CD /* HTTPClient.swift */,
			);
			path = Networking;
			sourceTree = "<group>";
		};
		3721629C228C4500001D66CD /* API */ = {
			isa = PBXGroup;
			children = (
				3721629D228C4551001D66CD /* APIProtocol.swift */,
				3721629F228C4577001D66CD /* ImageAPI.swift */,
				372162A1228C4581001D66CD /* MainAPI.swift */,
				372162A3228C458D001D66CD /* MapAPI.swift */,
				372162A5228C4599001D66CD /* QuizAPI.swift */,
			);
			path = API;
			sourceTree = "<group>";
		};
		37426C4222A401810031AB01 /* Recovered References */ = {
			isa = PBXGroup;
			children = (
				372162AD229ADC42001D66CD /* InfoModel.swift */,
			);
			name = "Recovered References";
			sourceTree = "<group>";
		};
		3769F58F227350EC00EDF795 = {
			isa = PBXGroup;
			children = (
				3769F59A227350EC00EDF795 /* History-Project-ios */,
				3769F599227350EC00EDF795 /* Products */,
				68D3EF17E69CFD5161EEFE87 /* Pods */,
				A4A95A82DAE55C4FEBF00D9F /* Frameworks */,
				37426C4222A401810031AB01 /* Recovered References */,
			);
			sourceTree = "<group>";
		};
		3769F599227350EC00EDF795 /* Products */ = {
			isa = PBXGroup;
			children = (
				3769F598227350EC00EDF795 /* History-Project-ios.app */,
			);
			name = Products;
			sourceTree = "<group>";
		};
		3769F59A227350EC00EDF795 /* History-Project-ios */ = {
			isa = PBXGroup;
			children = (
				C90C5AB4229E5BC0003EB3C9 /* Model */,
				C99061822296BA7D00FBAB64 /* ViewModel */,
				C990617F2296B91800FBAB64 /* Util */,
				C990617C2296AA4200FBAB64 /* Image */,
				C979E967228D3FC900210E25 /* UI */,
				C979E966228D3F8900210E25 /* VC */,
				37216297228C44BE001D66CD /* Networking */,
				3769F59B227350EC00EDF795 /* AppDelegate.swift */,
				3769F5A2227350EE00EDF795 /* Assets.xcassets */,
				3769F5A4227350EE00EDF795 /* LaunchScreen.storyboard */,
				3769F5A7227350EE00EDF795 /* Info.plist */,
			);
			path = "History-Project-ios";
			sourceTree = "<group>";
		};
		68D3EF17E69CFD5161EEFE87 /* Pods */ = {
			isa = PBXGroup;
			children = (
				226396D4552BE0BDAB3E42DC /* Pods-History-Project-ios.debug.xcconfig */,
				9C8DE3AE0DD31695798CAA7B /* Pods-History-Project-ios.release.xcconfig */,
			);
			path = Pods;
			sourceTree = "<group>";
		};
		A4A95A82DAE55C4FEBF00D9F /* Frameworks */ = {
			isa = PBXGroup;
			children = (
				E9C1CD7FEE9DAA7826816584 /* Pods_History_Project_ios.framework */,
			);
			name = Frameworks;
			sourceTree = "<group>";
		};
		C90C5AB4229E5BC0003EB3C9 /* Model */ = {
			isa = PBXGroup;
			children = (
				C90C5AB5229E5BD1003EB3C9 /* HistoricalSiteListModel.swift */,
				37426C4322A401BF0031AB01 /* InfoModel.swift */,
				37426C9B22AA9EE40031AB01 /* MapModel.swift */,
				C94698EB22AFE8DB00944040 /* QuizModel.swift */,
			);
			path = Model;
			sourceTree = "<group>";
		};
		C979E966228D3F8900210E25 /* VC */ = {
			isa = PBXGroup;
			children = (
				C979E968228D400C00210E25 /* StartVC.swift */,
				C90C5AB0229E59DB003EB3C9 /* HistoricalSiteListVC.swift */,
				372162AA229ACF56001D66CD /* InfoVC.swift */,
				37426C5122A5F3460031AB01 /* MapVC.swift */,
				37426CA522AD42170031AB01 /* QuizVC.swift */,
				C94698E722AFE80100944040 /* QuizMultipleVC.swift */,
				C94698E922AFE80F00944040 /* QuizOXVC.swift */,
			);
			path = VC;
			sourceTree = "<group>";
		};
		C979E967228D3FC900210E25 /* UI */ = {
			isa = PBXGroup;
			children = (
				3769F59F227350EC00EDF795 /* Main.storyboard */,
			);
			path = UI;
			sourceTree = "<group>";
		};
		C990617C2296AA4200FBAB64 /* Image */ = {
			isa = PBXGroup;
			children = (
				37426CA322AD41720031AB01 /* edit.png */,
				37426C9922AA96000031AB01 /* back.png */,
				C990617D2296AA5300FBAB64 /* startBackgroundImage.png */,
				37426C4D22A544690031AB01 /* home.png */,
				37426C4B22A544680031AB01 /* backToList.png */,
				37426C4C22A544680031AB01 /* next.png */,
			);
			path = Image;
			sourceTree = "<group>";
		};
		C990617F2296B91800FBAB64 /* Util */ = {
			isa = PBXGroup;
			children = (
				C99061802296B92000FBAB64 /* Shape.swift */,
				C9FAC4212296D7FF000FCE88 /* ViewModelType.swift */,
				372162B1229D8249001D66CD /* Base.swift */,
			);
			path = Util;
			sourceTree = "<group>";
		};
		C99061822296BA7D00FBAB64 /* ViewModel */ = {
			isa = PBXGroup;
			children = (
				C99061832296BA9200FBAB64 /* StartViewModel.swift */,
				C90C5AB2229E5A52003EB3C9 /* HistoricalSiteListViewModel.swift */,
				372162A8229ACEF9001D66CD /* InfoViewModel.swift */,
				37426C9D22AB98A70031AB01 /* MapViewModel.swift */,
				C94698ED22AFEF7900944040 /* QuizMultipleViewModel.swift */,
				C94698EF22AFEF8300944040 /* QuizViewModel.swift */,
				C94698F122AFEF8F00944040 /* QuizOXViewModel.swift */,
			);
			path = ViewModel;
			sourceTree = "<group>";
		};
/* End PBXGroup section */

/* Begin PBXNativeTarget section */
		3769F597227350EC00EDF795 /* History-Project-ios */ = {
			isa = PBXNativeTarget;
			buildConfigurationList = 3769F5AA227350EE00EDF795 /* Build configuration list for PBXNativeTarget "History-Project-ios" */;
			buildPhases = (
				A04C22930CB40B8AFFAA95B2 /* [CP] Check Pods Manifest.lock */,
				3769F594227350EC00EDF795 /* Sources */,
				3769F595227350EC00EDF795 /* Frameworks */,
				3769F596227350EC00EDF795 /* Resources */,
				EDE96ED456DF5224052F5592 /* [CP] Embed Pods Frameworks */,
				C220AC44A704DDF579873DA1 /* [CP] Copy Pods Resources */,
			);
			buildRules = (
			);
			dependencies = (
			);
			name = "History-Project-ios";
			productName = "History-Project-ios";
			productReference = 3769F598227350EC00EDF795 /* History-Project-ios.app */;
			productType = "com.apple.product-type.application";
		};
/* End PBXNativeTarget section */

/* Begin PBXProject section */
		3769F590227350EC00EDF795 /* Project object */ = {
			isa = PBXProject;
			attributes = {
				LastSwiftUpdateCheck = 1020;
				LastUpgradeCheck = 1020;
				ORGANIZATIONNAME = baby1234;
				TargetAttributes = {
					3769F597227350EC00EDF795 = {
						CreatedOnToolsVersion = 10.2.1;
					};
				};
			};
			buildConfigurationList = 3769F593227350EC00EDF795 /* Build configuration list for PBXProject "History-Project-ios" */;
			compatibilityVersion = "Xcode 9.3";
			developmentRegion = en;
			hasScannedForEncodings = 0;
			knownRegions = (
				en,
				Base,
			);
			mainGroup = 3769F58F227350EC00EDF795;
			productRefGroup = 3769F599227350EC00EDF795 /* Products */;
			projectDirPath = "";
			projectRoot = "";
			targets = (
				3769F597227350EC00EDF795 /* History-Project-ios */,
			);
		};
/* End PBXProject section */

/* Begin PBXResourcesBuildPhase section */
		3769F596227350EC00EDF795 /* Resources */ = {
			isa = PBXResourcesBuildPhase;
			buildActionMask = 2147483647;
			files = (
				C990617E2296AA5300FBAB64 /* startBackgroundImage.png in Resources */,
				3769F5A6227350EE00EDF795 /* LaunchScreen.storyboard in Resources */,
				37426CA422AD41720031AB01 /* edit.png in Resources */,
				37426C9A22AA96000031AB01 /* back.png in Resources */,
				37426C4F22A544690031AB01 /* next.png in Resources */,
				3769F5A3227350EE00EDF795 /* Assets.xcassets in Resources */,
				3769F5A1227350EC00EDF795 /* Main.storyboard in Resources */,
				37426C5022A544690031AB01 /* home.png in Resources */,
				37426C4E22A544690031AB01 /* backToList.png in Resources */,
			);
			runOnlyForDeploymentPostprocessing = 0;
		};
/* End PBXResourcesBuildPhase section */

/* Begin PBXShellScriptBuildPhase section */
		A04C22930CB40B8AFFAA95B2 /* [CP] Check Pods Manifest.lock */ = {
			isa = PBXShellScriptBuildPhase;
			buildActionMask = 2147483647;
			files = (
			);
			inputFileListPaths = (
			);
			inputPaths = (
				"${PODS_PODFILE_DIR_PATH}/Podfile.lock",
				"${PODS_ROOT}/Manifest.lock",
			);
			name = "[CP] Check Pods Manifest.lock";
			outputFileListPaths = (
			);
			outputPaths = (
				"$(DERIVED_FILE_DIR)/Pods-History-Project-ios-checkManifestLockResult.txt",
			);
			runOnlyForDeploymentPostprocessing = 0;
			shellPath = /bin/sh;
			shellScript = "diff \"${PODS_PODFILE_DIR_PATH}/Podfile.lock\" \"${PODS_ROOT}/Manifest.lock\" > /dev/null\nif [ $? != 0 ] ; then\n    # print error to STDERR\n    echo \"error: The sandbox is not in sync with the Podfile.lock. Run 'pod install' or update your CocoaPods installation.\" >&2\n    exit 1\nfi\n# This output is used by Xcode 'outputs' to avoid re-running this script phase.\necho \"SUCCESS\" > \"${SCRIPT_OUTPUT_FILE_0}\"\n";
			showEnvVarsInLog = 0;
		};
		C220AC44A704DDF579873DA1 /* [CP] Copy Pods Resources */ = {
			isa = PBXShellScriptBuildPhase;
			buildActionMask = 2147483647;
			files = (
			);
			inputFileListPaths = (
				"${PODS_ROOT}/Target Support Files/Pods-History-Project-ios/Pods-History-Project-ios-resources-${CONFIGURATION}-input-files.xcfilelist",
			);
			name = "[CP] Copy Pods Resources";
			outputFileListPaths = (
				"${PODS_ROOT}/Target Support Files/Pods-History-Project-ios/Pods-History-Project-ios-resources-${CONFIGURATION}-output-files.xcfilelist",
			);
			runOnlyForDeploymentPostprocessing = 0;
			shellPath = /bin/sh;
			shellScript = "\"${PODS_ROOT}/Target Support Files/Pods-History-Project-ios/Pods-History-Project-ios-resources.sh\"\n";
			showEnvVarsInLog = 0;
		};
		EDE96ED456DF5224052F5592 /* [CP] Embed Pods Frameworks */ = {
			isa = PBXShellScriptBuildPhase;
			buildActionMask = 2147483647;
			files = (
			);
			inputFileListPaths = (
				"${PODS_ROOT}/Target Support Files/Pods-History-Project-ios/Pods-History-Project-ios-frameworks-${CONFIGURATION}-input-files.xcfilelist",
			);
			name = "[CP] Embed Pods Frameworks";
			outputFileListPaths = (
				"${PODS_ROOT}/Target Support Files/Pods-History-Project-ios/Pods-History-Project-ios-frameworks-${CONFIGURATION}-output-files.xcfilelist",
			);
			runOnlyForDeploymentPostprocessing = 0;
			shellPath = /bin/sh;
			shellScript = "\"${PODS_ROOT}/Target Support Files/Pods-History-Project-ios/Pods-History-Project-ios-frameworks.sh\"\n";
			showEnvVarsInLog = 0;
		};
/* End PBXShellScriptBuildPhase section */

/* Begin PBXSourcesBuildPhase section */
		3769F594227350EC00EDF795 /* Sources */ = {
			isa = PBXSourcesBuildPhase;
			buildActionMask = 2147483647;
			files = (
				372162A9229ACEF9001D66CD /* InfoViewModel.swift in Sources */,
				372162A6228C4599001D66CD /* QuizAPI.swift in Sources */,
				C90C5AB1229E59DB003EB3C9 /* HistoricalSiteListVC.swift in Sources */,
				37216299228C44CE001D66CD /* Api.swift in Sources */,
				37426C9C22AA9EE40031AB01 /* MapModel.swift in Sources */,
				C94698F222AFEF8F00944040 /* QuizOXViewModel.swift in Sources */,
				C94698E822AFE80100944040 /* QuizMultipleVC.swift in Sources */,
				3721629B228C44EF001D66CD /* HTTPClient.swift in Sources */,
				37426C5222A5F3460031AB01 /* MapVC.swift in Sources */,
				C90C5AB3229E5A52003EB3C9 /* HistoricalSiteListViewModel.swift in Sources */,
				3721629E228C4551001D66CD /* APIProtocol.swift in Sources */,
				372162A2228C4581001D66CD /* MainAPI.swift in Sources */,
				372162B2229D8249001D66CD /* Base.swift in Sources */,
				C99061812296B92000FBAB64 /* Shape.swift in Sources */,
				C94698EA22AFE80F00944040 /* QuizOXVC.swift in Sources */,
				C94698EE22AFEF7900944040 /* QuizMultipleViewModel.swift in Sources */,
				372162A0228C4577001D66CD /* ImageAPI.swift in Sources */,
				3769F59C227350EC00EDF795 /* AppDelegate.swift in Sources */,
				372162AB229ACF56001D66CD /* InfoVC.swift in Sources */,
				C9FAC4222296D7FF000FCE88 /* ViewModelType.swift in Sources */,
				37426C4422A401BF0031AB01 /* InfoModel.swift in Sources */,
				37426C9E22AB98A70031AB01 /* MapViewModel.swift in Sources */,
				C94698EC22AFE8DB00944040 /* QuizModel.swift in Sources */,
				37426CA622AD42170031AB01 /* QuizVC.swift in Sources */,
				C94698F022AFEF8300944040 /* QuizViewModel.swift in Sources */,
				C90C5AB6229E5BD1003EB3C9 /* HistoricalSiteListModel.swift in Sources */,
				372162A4228C458D001D66CD /* MapAPI.swift in Sources */,
				C979E969228D400C00210E25 /* StartVC.swift in Sources */,
				C99061842296BA9200FBAB64 /* StartViewModel.swift in Sources */,
			);
			runOnlyForDeploymentPostprocessing = 0;
		};
/* End PBXSourcesBuildPhase section */

/* Begin PBXVariantGroup section */
		3769F59F227350EC00EDF795 /* Main.storyboard */ = {
			isa = PBXVariantGroup;
			children = (
				3769F5A0227350EC00EDF795 /* Base */,
			);
			name = Main.storyboard;
			sourceTree = "<group>";
		};
		3769F5A4227350EE00EDF795 /* LaunchScreen.storyboard */ = {
			isa = PBXVariantGroup;
			children = (
				3769F5A5227350EE00EDF795 /* Base */,
			);
			name = LaunchScreen.storyboard;
			sourceTree = "<group>";
		};
/* End PBXVariantGroup section */

/* Begin XCBuildConfiguration section */
		3769F5A8227350EE00EDF795 /* Debug */ = {
			isa = XCBuildConfiguration;
			buildSettings = {
				ALWAYS_SEARCH_USER_PATHS = NO;
				CLANG_ANALYZER_NONNULL = YES;
				CLANG_ANALYZER_NUMBER_OBJECT_CONVERSION = YES_AGGRESSIVE;
				CLANG_CXX_LANGUAGE_STANDARD = "gnu++14";
				CLANG_CXX_LIBRARY = "libc++";
				CLANG_ENABLE_MODULES = YES;
				CLANG_ENABLE_OBJC_ARC = YES;
				CLANG_ENABLE_OBJC_WEAK = YES;
				CLANG_WARN_BLOCK_CAPTURE_AUTORELEASING = YES;
				CLANG_WARN_BOOL_CONVERSION = YES;
				CLANG_WARN_COMMA = YES;
				CLANG_WARN_CONSTANT_CONVERSION = YES;
				CLANG_WARN_DEPRECATED_OBJC_IMPLEMENTATIONS = YES;
				CLANG_WARN_DIRECT_OBJC_ISA_USAGE = YES_ERROR;
				CLANG_WARN_DOCUMENTATION_COMMENTS = YES;
				CLANG_WARN_EMPTY_BODY = YES;
				CLANG_WARN_ENUM_CONVERSION = YES;
				CLANG_WARN_INFINITE_RECURSION = YES;
				CLANG_WARN_INT_CONVERSION = YES;
				CLANG_WARN_NON_LITERAL_NULL_CONVERSION = YES;
				CLANG_WARN_OBJC_IMPLICIT_RETAIN_SELF = YES;
				CLANG_WARN_OBJC_LITERAL_CONVERSION = YES;
				CLANG_WARN_OBJC_ROOT_CLASS = YES_ERROR;
				CLANG_WARN_RANGE_LOOP_ANALYSIS = YES;
				CLANG_WARN_STRICT_PROTOTYPES = YES;
				CLANG_WARN_SUSPICIOUS_MOVE = YES;
				CLANG_WARN_UNGUARDED_AVAILABILITY = YES_AGGRESSIVE;
				CLANG_WARN_UNREACHABLE_CODE = YES;
				CLANG_WARN__DUPLICATE_METHOD_MATCH = YES;
				CODE_SIGN_IDENTITY = "iPhone Developer";
				COPY_PHASE_STRIP = NO;
				DEBUG_INFORMATION_FORMAT = dwarf;
				ENABLE_STRICT_OBJC_MSGSEND = YES;
				ENABLE_TESTABILITY = YES;
				GCC_C_LANGUAGE_STANDARD = gnu11;
				GCC_DYNAMIC_NO_PIC = NO;
				GCC_NO_COMMON_BLOCKS = YES;
				GCC_OPTIMIZATION_LEVEL = 0;
				GCC_PREPROCESSOR_DEFINITIONS = (
					"DEBUG=1",
					"$(inherited)",
				);
				GCC_WARN_64_TO_32_BIT_CONVERSION = YES;
				GCC_WARN_ABOUT_RETURN_TYPE = YES_ERROR;
				GCC_WARN_UNDECLARED_SELECTOR = YES;
				GCC_WARN_UNINITIALIZED_AUTOS = YES_AGGRESSIVE;
				GCC_WARN_UNUSED_FUNCTION = YES;
				GCC_WARN_UNUSED_VARIABLE = YES;
				IPHONEOS_DEPLOYMENT_TARGET = 12.2;
				MTL_ENABLE_DEBUG_INFO = INCLUDE_SOURCE;
				MTL_FAST_MATH = YES;
				ONLY_ACTIVE_ARCH = YES;
				SDKROOT = iphoneos;
				SWIFT_ACTIVE_COMPILATION_CONDITIONS = DEBUG;
				SWIFT_OPTIMIZATION_LEVEL = "-Onone";
			};
			name = Debug;
		};
		3769F5A9227350EE00EDF795 /* Release */ = {
			isa = XCBuildConfiguration;
			buildSettings = {
				ALWAYS_SEARCH_USER_PATHS = NO;
				CLANG_ANALYZER_NONNULL = YES;
				CLANG_ANALYZER_NUMBER_OBJECT_CONVERSION = YES_AGGRESSIVE;
				CLANG_CXX_LANGUAGE_STANDARD = "gnu++14";
				CLANG_CXX_LIBRARY = "libc++";
				CLANG_ENABLE_MODULES = YES;
				CLANG_ENABLE_OBJC_ARC = YES;
				CLANG_ENABLE_OBJC_WEAK = YES;
				CLANG_WARN_BLOCK_CAPTURE_AUTORELEASING = YES;
				CLANG_WARN_BOOL_CONVERSION = YES;
				CLANG_WARN_COMMA = YES;
				CLANG_WARN_CONSTANT_CONVERSION = YES;
				CLANG_WARN_DEPRECATED_OBJC_IMPLEMENTATIONS = YES;
				CLANG_WARN_DIRECT_OBJC_ISA_USAGE = YES_ERROR;
				CLANG_WARN_DOCUMENTATION_COMMENTS = YES;
				CLANG_WARN_EMPTY_BODY = YES;
				CLANG_WARN_ENUM_CONVERSION = YES;
				CLANG_WARN_INFINITE_RECURSION = YES;
				CLANG_WARN_INT_CONVERSION = YES;
				CLANG_WARN_NON_LITERAL_NULL_CONVERSION = YES;
				CLANG_WARN_OBJC_IMPLICIT_RETAIN_SELF = YES;
				CLANG_WARN_OBJC_LITERAL_CONVERSION = YES;
				CLANG_WARN_OBJC_ROOT_CLASS = YES_ERROR;
				CLANG_WARN_RANGE_LOOP_ANALYSIS = YES;
				CLANG_WARN_STRICT_PROTOTYPES = YES;
				CLANG_WARN_SUSPICIOUS_MOVE = YES;
				CLANG_WARN_UNGUARDED_AVAILABILITY = YES_AGGRESSIVE;
				CLANG_WARN_UNREACHABLE_CODE = YES;
				CLANG_WARN__DUPLICATE_METHOD_MATCH = YES;
				CODE_SIGN_IDENTITY = "iPhone Developer";
				COPY_PHASE_STRIP = NO;
				DEBUG_INFORMATION_FORMAT = "dwarf-with-dsym";
				ENABLE_NS_ASSERTIONS = NO;
				ENABLE_STRICT_OBJC_MSGSEND = YES;
				GCC_C_LANGUAGE_STANDARD = gnu11;
				GCC_NO_COMMON_BLOCKS = YES;
				GCC_WARN_64_TO_32_BIT_CONVERSION = YES;
				GCC_WARN_ABOUT_RETURN_TYPE = YES_ERROR;
				GCC_WARN_UNDECLARED_SELECTOR = YES;
				GCC_WARN_UNINITIALIZED_AUTOS = YES_AGGRESSIVE;
				GCC_WARN_UNUSED_FUNCTION = YES;
				GCC_WARN_UNUSED_VARIABLE = YES;
				IPHONEOS_DEPLOYMENT_TARGET = 12.2;
				MTL_ENABLE_DEBUG_INFO = NO;
				MTL_FAST_MATH = YES;
				SDKROOT = iphoneos;
				SWIFT_COMPILATION_MODE = wholemodule;
				SWIFT_OPTIMIZATION_LEVEL = "-O";
				VALIDATE_PRODUCT = YES;
			};
			name = Release;
		};
		3769F5AB227350EE00EDF795 /* Debug */ = {
			isa = XCBuildConfiguration;
			baseConfigurationReference = 226396D4552BE0BDAB3E42DC /* Pods-History-Project-ios.debug.xcconfig */;
			buildSettings = {
				ASSETCATALOG_COMPILER_APPICON_NAME = AppIcon;
				CODE_SIGN_IDENTITY = "iPhone Developer";
				CODE_SIGN_STYLE = Automatic;
				DEVELOPMENT_TEAM = VY4FNTH9C6;
				INFOPLIST_FILE = "History-Project-ios/Info.plist";
				LD_RUNPATH_SEARCH_PATHS = (
					"$(inherited)",
					"@executable_path/Frameworks",
				);
				PRODUCT_BUNDLE_IDENTIFIER = "net.macnpc.History-Project-ios";
				PRODUCT_NAME = "$(TARGET_NAME)";
				PROVISIONING_PROFILE_SPECIFIER = "";
				SWIFT_VERSION = 5.0;
				TARGETED_DEVICE_FAMILY = "1,2";
			};
			name = Debug;
		};
		3769F5AC227350EE00EDF795 /* Release */ = {
			isa = XCBuildConfiguration;
			baseConfigurationReference = 9C8DE3AE0DD31695798CAA7B /* Pods-History-Project-ios.release.xcconfig */;
			buildSettings = {
				ASSETCATALOG_COMPILER_APPICON_NAME = AppIcon;
				CODE_SIGN_IDENTITY = "iPhone Developer";
				CODE_SIGN_STYLE = Automatic;
				DEVELOPMENT_TEAM = VY4FNTH9C6;
				INFOPLIST_FILE = "History-Project-ios/Info.plist";
				LD_RUNPATH_SEARCH_PATHS = (
					"$(inherited)",
					"@executable_path/Frameworks",
				);
				PRODUCT_BUNDLE_IDENTIFIER = "net.macnpc.History-Project-ios";
				PRODUCT_NAME = "$(TARGET_NAME)";
				PROVISIONING_PROFILE_SPECIFIER = "";
				SWIFT_VERSION = 5.0;
				TARGETED_DEVICE_FAMILY = "1,2";
			};
			name = Release;
		};
/* End XCBuildConfiguration section */

/* Begin XCConfigurationList section */
		3769F593227350EC00EDF795 /* Build configuration list for PBXProject "History-Project-ios" */ = {
			isa = XCConfigurationList;
			buildConfigurations = (
				3769F5A8227350EE00EDF795 /* Debug */,
				3769F5A9227350EE00EDF795 /* Release */,
			);
			defaultConfigurationIsVisible = 0;
			defaultConfigurationName = Release;
		};
		3769F5AA227350EE00EDF795 /* Build configuration list for PBXNativeTarget "History-Project-ios" */ = {
			isa = XCConfigurationList;
			buildConfigurations = (
				3769F5AB227350EE00EDF795 /* Debug */,
				3769F5AC227350EE00EDF795 /* Release */,
			);
			defaultConfigurationIsVisible = 0;
			defaultConfigurationName = Release;
		};
/* End XCConfigurationList section */
	};
	rootObject = 3769F590227350EC00EDF795 /* Project object */;
}
