PODS:
  - Alamofire (4.8.2)
  - Kingfisher (5.4.0)
  - Navigation-Toolbar (1.0.0)
  - ObjectMapper (3.4.2)
  - RxAlamofire (5.0.0):
    - RxAlamofire/Core (= 5.0.0)
  - RxAlamofire/Core (5.0.0):
    - Alamofire (~> 4.8)
    - RxSwift (~> 5.0)
  - RxSwift (5.0.0)

DEPENDENCIES:
  - Kingfisher
  - Navigation-Toolbar
  - ObjectMapper
  - RxAlamofire

SPEC REPOS:
  https://github.com/cocoapods/specs.git:
    - Alamofire
    - Kingfisher
    - Navigation-Toolbar
    - ObjectMapper
    - RxAlamofire
    - RxSwift

SPEC CHECKSUMS:
  Alamofire: ae5c501addb7afdbb13687d7f2f722c78734c2d3
  Kingfisher: 9c8f2cc6710334e06f32ba2b45e77707d5e2f0c9
  Navigation-Toolbar: 48e9b9b7cb2b7c721ddb4051e6139465a04496f5
  ObjectMapper: 0d4402610f4e468903ae64629eec4784531e5c51
  RxAlamofire: e7875a012aff55345672d0f70a2a9cd6aeb0f211
  RxSwift: 8b0671caa829a763bbce7271095859121cbd895f

PODFILE CHECKSUM: 5471401e364c87f5a67e4be4b3d964d114e5abda

COCOAPODS: 1.6.1
